
Microsoft Visual Studio Solution File, Format Version 12.00
# Visual Studio 2015
Project("{FAE04EC0-301F-11D3-BF4B-00C04F79EFBC}") = "Pruebas Leap Motion 3.CSharp", "Pruebas Leap Motion 3.CSharp.csproj", "{AD993DEE-B14E-2852-BDA3-A30FA7C909B8}"
EndProject
Project("{FAE04EC0-301F-11D3-BF4B-00C04F79EFBC}") = "Pruebas Leap Motion 3.CSharp.Editor", "Pruebas Leap Motion 3.CSharp.Editor.csproj", "{193C9F86-D65F-E713-C548-CDBFCE81A9C7}"
EndProject
Global
	GlobalSection(SolutionConfigurationPlatforms) = preSolution
		Debug|Any CPU = Debug|Any CPU
		Release|Any CPU = Release|Any CPU
	EndGlobalSection
	GlobalSection(ProjectConfigurationPlatforms) = postSolution
		{AD993DEE-B14E-2852-BDA3-A30FA7C909B8}.Debug|Any CPU.ActiveCfg = Debug|Any CPU
		{AD993DEE-B14E-2852-BDA3-A30FA7C909B8}.Debug|Any CPU.Build.0 = Debug|Any CPU
		{AD993DEE-B14E-2852-BDA3-A30FA7C909B8}.Release|Any CPU.ActiveCfg = Release|Any CPU
		{AD993DEE-B14E-2852-BDA3-A30FA7C909B8}.Release|Any CPU.Build.0 = Release|Any CPU
		{193C9F86-D65F-E713-C548-CDBFCE81A9C7}.Debug|Any CPU.ActiveCfg = Debug|Any CPU
		{193C9F86-D65F-E713-C548-CDBFCE81A9C7}.Debug|Any CPU.Build.0 = Debug|Any CPU
		{193C9F86-D65F-E713-C548-CDBFCE81A9C7}.Release|Any CPU.ActiveCfg = Release|Any CPU
		{193C9F86-D65F-E713-C548-CDBFCE81A9C7}.Release|Any CPU.Build.0 = Release|Any CPU
	EndGlobalSection
	GlobalSection(SolutionProperties) = preSolution
		HideSolutionNode = FALSE
	EndGlobalSection
EndGlobal
