
Microsoft Visual Studio Solution File, Format Version 12.00
# Visual Studio 2015
Project("{FAE04EC0-301F-11D3-BF4B-00C04F79EFBC}") = "Pruebas Leap Motion 2.CSharp.Plugins", "Pruebas Leap Motion 2.CSharp.Plugins.csproj", "{55189293-EA6A-E99A-7AB6-73B679E25204}"
EndProject
Project("{FAE04EC0-301F-11D3-BF4B-00C04F79EFBC}") = "Pruebas Leap Motion 2.CSharp", "Pruebas Leap Motion 2.CSharp.csproj", "{86E59013-5B99-5AB9-3F5D-1E3471335965}"
EndProject
Project("{FAE04EC0-301F-11D3-BF4B-00C04F79EFBC}") = "Pruebas Leap Motion 2.CSharp.Editor", "Pruebas Leap Motion 2.CSharp.Editor.csproj", "{54EB0FF9-56CE-DF5D-2E65-776BFF63A2E2}"
EndProject
Global
	GlobalSection(SolutionConfigurationPlatforms) = preSolution
		Debug|Any CPU = Debug|Any CPU
		Release|Any CPU = Release|Any CPU
	EndGlobalSection
	GlobalSection(ProjectConfigurationPlatforms) = postSolution
		{55189293-EA6A-E99A-7AB6-73B679E25204}.Debug|Any CPU.ActiveCfg = Debug|Any CPU
		{55189293-EA6A-E99A-7AB6-73B679E25204}.Debug|Any CPU.Build.0 = Debug|Any CPU
		{55189293-EA6A-E99A-7AB6-73B679E25204}.Release|Any CPU.ActiveCfg = Release|Any CPU
		{55189293-EA6A-E99A-7AB6-73B679E25204}.Release|Any CPU.Build.0 = Release|Any CPU
		{86E59013-5B99-5AB9-3F5D-1E3471335965}.Debug|Any CPU.ActiveCfg = Debug|Any CPU
		{86E59013-5B99-5AB9-3F5D-1E3471335965}.Debug|Any CPU.Build.0 = Debug|Any CPU
		{86E59013-5B99-5AB9-3F5D-1E3471335965}.Release|Any CPU.ActiveCfg = Release|Any CPU
		{86E59013-5B99-5AB9-3F5D-1E3471335965}.Release|Any CPU.Build.0 = Release|Any CPU
		{54EB0FF9-56CE-DF5D-2E65-776BFF63A2E2}.Debug|Any CPU.ActiveCfg = Debug|Any CPU
		{54EB0FF9-56CE-DF5D-2E65-776BFF63A2E2}.Debug|Any CPU.Build.0 = Debug|Any CPU
		{54EB0FF9-56CE-DF5D-2E65-776BFF63A2E2}.Release|Any CPU.ActiveCfg = Release|Any CPU
		{54EB0FF9-56CE-DF5D-2E65-776BFF63A2E2}.Release|Any CPU.Build.0 = Release|Any CPU
	EndGlobalSection
	GlobalSection(SolutionProperties) = preSolution
		HideSolutionNode = FALSE
	EndGlobalSection
EndGlobal
